
Microsoft Visual Studio Solution File, Format Version 12.00
# Visual Studio Version 16
VisualStudioVersion = 16.0.30404.54
MinimumVisualStudioVersion = 10.0.40219.1
Project("{9A19103F-16F7-4668-BE54-9A1E7A4F7556}") = "CocktailTime", "CocktailTime\CocktailTime.csproj", "{FF1CBEB5-68B0-4058-AB3F-A6ACFFFD854C}"
EndProject
Project("{9A19103F-16F7-4668-BE54-9A1E7A4F7556}") = "CosmosDB", "CosmosDB\CosmosDB.csproj", "{23714312-AD49-49E3-9153-6F2CCDFE0DDA}"
EndProject
Project("{9A19103F-16F7-4668-BE54-9A1E7A4F7556}") = "CocktailTimeFunctions", "CocktailTimeFunctions\CocktailTimeFunctions.csproj", "{A1C35C27-A387-4B63-9A69-9EC057F5E21F}"
EndProject
Project("{9A19103F-16F7-4668-BE54-9A1E7A4F7556}") = "SmsService", "SmsService\SmsService.csproj", "{1A448385-BDDC-4DCB-B688-5DF3B050EDA1}"
EndProject
Project("{9A19103F-16F7-4668-BE54-9A1E7A4F7556}") = "CocktailTimeTests", "CocktailTimeTests\CocktailTimeTests.csproj", "{29DBFE53-48D1-452E-B3BA-BB1C68FB7B81}"
EndProject
Project("{FAE04EC0-301F-11D3-BF4B-00C04F79EFBC}") = "CocktailTime.Common", "CocktailTime.Common\CocktailTime.Common.csproj", "{AA365C51-8AEF-4804-9786-01DCB1CCAE26}"
EndProject
Global
	GlobalSection(SolutionConfigurationPlatforms) = preSolution
		Debug|Any CPU = Debug|Any CPU
		Release|Any CPU = Release|Any CPU
	EndGlobalSection
	GlobalSection(ProjectConfigurationPlatforms) = postSolution
		{FF1CBEB5-68B0-4058-AB3F-A6ACFFFD854C}.Debug|Any CPU.ActiveCfg = Debug|Any CPU
		{FF1CBEB5-68B0-4058-AB3F-A6ACFFFD854C}.Debug|Any CPU.Build.0 = Debug|Any CPU
		{FF1CBEB5-68B0-4058-AB3F-A6ACFFFD854C}.Release|Any CPU.ActiveCfg = Release|Any CPU
		{FF1CBEB5-68B0-4058-AB3F-A6ACFFFD854C}.Release|Any CPU.Build.0 = Release|Any CPU
		{23714312-AD49-49E3-9153-6F2CCDFE0DDA}.Debug|Any CPU.ActiveCfg = Debug|Any CPU
		{23714312-AD49-49E3-9153-6F2CCDFE0DDA}.Debug|Any CPU.Build.0 = Debug|Any CPU
		{23714312-AD49-49E3-9153-6F2CCDFE0DDA}.Release|Any CPU.ActiveCfg = Release|Any CPU
		{23714312-AD49-49E3-9153-6F2CCDFE0DDA}.Release|Any CPU.Build.0 = Release|Any CPU
		{A1C35C27-A387-4B63-9A69-9EC057F5E21F}.Debug|Any CPU.ActiveCfg = Debug|Any CPU
		{A1C35C27-A387-4B63-9A69-9EC057F5E21F}.Debug|Any CPU.Build.0 = Debug|Any CPU
		{A1C35C27-A387-4B63-9A69-9EC057F5E21F}.Release|Any CPU.ActiveCfg = Release|Any CPU
		{A1C35C27-A387-4B63-9A69-9EC057F5E21F}.Release|Any CPU.Build.0 = Release|Any CPU
		{1A448385-BDDC-4DCB-B688-5DF3B050EDA1}.Debug|Any CPU.ActiveCfg = Debug|Any CPU
		{1A448385-BDDC-4DCB-B688-5DF3B050EDA1}.Debug|Any CPU.Build.0 = Debug|Any CPU
		{1A448385-BDDC-4DCB-B688-5DF3B050EDA1}.Release|Any CPU.ActiveCfg = Release|Any CPU
		{1A448385-BDDC-4DCB-B688-5DF3B050EDA1}.Release|Any CPU.Build.0 = Release|Any CPU
		{29DBFE53-48D1-452E-B3BA-BB1C68FB7B81}.Debug|Any CPU.ActiveCfg = Debug|Any CPU
		{29DBFE53-48D1-452E-B3BA-BB1C68FB7B81}.Debug|Any CPU.Build.0 = Debug|Any CPU
		{29DBFE53-48D1-452E-B3BA-BB1C68FB7B81}.Release|Any CPU.ActiveCfg = Release|Any CPU
		{29DBFE53-48D1-452E-B3BA-BB1C68FB7B81}.Release|Any CPU.Build.0 = Release|Any CPU
		{AA365C51-8AEF-4804-9786-01DCB1CCAE26}.Debug|Any CPU.ActiveCfg = Debug|Any CPU
		{AA365C51-8AEF-4804-9786-01DCB1CCAE26}.Debug|Any CPU.Build.0 = Debug|Any CPU
		{AA365C51-8AEF-4804-9786-01DCB1CCAE26}.Release|Any CPU.ActiveCfg = Release|Any CPU
		{AA365C51-8AEF-4804-9786-01DCB1CCAE26}.Release|Any CPU.Build.0 = Release|Any CPU
	EndGlobalSection
	GlobalSection(SolutionProperties) = preSolution
		HideSolutionNode = FALSE
	EndGlobalSection
	GlobalSection(ExtensibilityGlobals) = postSolution
		SolutionGuid = {2F940B60-88AF-4567-8FFD-43A09979E323}
	EndGlobalSection
EndGlobal
